// !$*UTF8*$!
{
	archiveVersion = 1;
	classes = {
	};
	objectVersion = 50;
	objects = {

/* Begin PBXBuildFile section */
		E05F1EA220BF8A5E0046AAB2 /* AppDelegate.swift in Sources */ = {isa = PBXBuildFile; fileRef = E05F1EA120BF8A5E0046AAB2 /* AppDelegate.swift */; };
		E05F1EA420BF8A5E0046AAB2 /* DetailsViewController.swift in Sources */ = {isa = PBXBuildFile; fileRef = E05F1EA320BF8A5E0046AAB2 /* DetailsViewController.swift */; };
		E05F1EA720BF8A5E0046AAB2 /* Main.storyboard in Resources */ = {isa = PBXBuildFile; fileRef = E05F1EA520BF8A5E0046AAB2 /* Main.storyboard */; };
		E05F1EAA20BF8A5E0046AAB2 /* MyWeatherVersion.xcdatamodeld in Sources */ = {isa = PBXBuildFile; fileRef = E05F1EA820BF8A5E0046AAB2 /* MyWeatherVersion.xcdatamodeld */; };
		E05F1EAC20BF8A610046AAB2 /* Assets.xcassets in Resources */ = {isa = PBXBuildFile; fileRef = E05F1EAB20BF8A610046AAB2 /* Assets.xcassets */; };
		E05F1EAF20BF8A610046AAB2 /* LaunchScreen.storyboard in Resources */ = {isa = PBXBuildFile; fileRef = E05F1EAD20BF8A610046AAB2 /* LaunchScreen.storyboard */; };
		E05F1EBA20BF8A610046AAB2 /* MyWeatherVersionTests.swift in Sources */ = {isa = PBXBuildFile; fileRef = E05F1EB920BF8A610046AAB2 /* MyWeatherVersionTests.swift */; };
		E05F1EC520BF8A610046AAB2 /* MyWeatherVersionUITests.swift in Sources */ = {isa = PBXBuildFile; fileRef = E05F1EC420BF8A610046AAB2 /* MyWeatherVersionUITests.swift */; };
		E05F1EDC20BF9EBE0046AAB2 /* RobotoCondensed-Regular.ttf in Resources */ = {isa = PBXBuildFile; fileRef = E05F1ED620BF9EBA0046AAB2 /* RobotoCondensed-Regular.ttf */; };
		E05F1EDD20BF9EBE0046AAB2 /* RobotoCondensed-Regular.ttf in Resources */ = {isa = PBXBuildFile; fileRef = E05F1ED620BF9EBA0046AAB2 /* RobotoCondensed-Regular.ttf */; };
		E05F1EDE20BF9EBE0046AAB2 /* RobotoCondensed-Light.ttf in Resources */ = {isa = PBXBuildFile; fileRef = E05F1ED720BF9EBB0046AAB2 /* RobotoCondensed-Light.ttf */; };
		E05F1EDF20BF9EBE0046AAB2 /* RobotoCondensed-Light.ttf in Resources */ = {isa = PBXBuildFile; fileRef = E05F1ED720BF9EBB0046AAB2 /* RobotoCondensed-Light.ttf */; };
		E05F1EE020BF9EBE0046AAB2 /* RobotoCondensed-BoldItalic.ttf in Resources */ = {isa = PBXBuildFile; fileRef = E05F1ED820BF9EBC0046AAB2 /* RobotoCondensed-BoldItalic.ttf */; };
		E05F1EE120BF9EBE0046AAB2 /* RobotoCondensed-BoldItalic.ttf in Resources */ = {isa = PBXBuildFile; fileRef = E05F1ED820BF9EBC0046AAB2 /* RobotoCondensed-BoldItalic.ttf */; };
		E05F1EE220BF9EBE0046AAB2 /* RobotoCondensed-Bold.ttf in Resources */ = {isa = PBXBuildFile; fileRef = E05F1ED920BF9EBC0046AAB2 /* RobotoCondensed-Bold.ttf */; };
		E05F1EE320BF9EBE0046AAB2 /* RobotoCondensed-Bold.ttf in Resources */ = {isa = PBXBuildFile; fileRef = E05F1ED920BF9EBC0046AAB2 /* RobotoCondensed-Bold.ttf */; };
		E05F1EE420BF9EBE0046AAB2 /* RobotoCondensed-Italic.ttf in Resources */ = {isa = PBXBuildFile; fileRef = E05F1EDA20BF9EBD0046AAB2 /* RobotoCondensed-Italic.ttf */; };
		E05F1EE520BF9EBE0046AAB2 /* RobotoCondensed-Italic.ttf in Resources */ = {isa = PBXBuildFile; fileRef = E05F1EDA20BF9EBD0046AAB2 /* RobotoCondensed-Italic.ttf */; };
		E05F1EE620BF9EBE0046AAB2 /* RobotoCondensed-LightItalic.ttf in Resources */ = {isa = PBXBuildFile; fileRef = E05F1EDB20BF9EBD0046AAB2 /* RobotoCondensed-LightItalic.ttf */; };
		E05F1EE720BF9EBE0046AAB2 /* RobotoCondensed-LightItalic.ttf in Resources */ = {isa = PBXBuildFile; fileRef = E05F1EDB20BF9EBD0046AAB2 /* RobotoCondensed-LightItalic.ttf */; };
		E05F1EEA20BF9F050046AAB2 /* WearherHTTPClient.swift in Sources */ = {isa = PBXBuildFile; fileRef = E05F1EE920BF9F050046AAB2 /* WearherHTTPClient.swift */; };
		E05F1EEB20BF9F050046AAB2 /* WearherHTTPClient.swift in Sources */ = {isa = PBXBuildFile; fileRef = E05F1EE920BF9F050046AAB2 /* WearherHTTPClient.swift */; };
		E05F1EF120C0286E0046AAB2 /* WeatherDataManager.swift in Sources */ = {isa = PBXBuildFile; fileRef = E05F1EF020C0286E0046AAB2 /* WeatherDataManager.swift */; };
		E05F1EF220C0286E0046AAB2 /* WeatherDataManager.swift in Sources */ = {isa = PBXBuildFile; fileRef = E05F1EF020C0286E0046AAB2 /* WeatherDataManager.swift */; };
		E0EEA38520C02B78008037CA /* SunshineViewController.swift in Sources */ = {isa = PBXBuildFile; fileRef = E0EEA38420C02B78008037CA /* SunshineViewController.swift */; };
		E0EEA38620C02B78008037CA /* SunshineViewController.swift in Sources */ = {isa = PBXBuildFile; fileRef = E0EEA38420C02B78008037CA /* SunshineViewController.swift */; };
		E0EEA38820C031C7008037CA /* WeatherIconImage.swift in Sources */ = {isa = PBXBuildFile; fileRef = E0EEA38720C031C7008037CA /* WeatherIconImage.swift */; };
		E0EEA38920C031C7008037CA /* WeatherIconImage.swift in Sources */ = {isa = PBXBuildFile; fileRef = E0EEA38720C031C7008037CA /* WeatherIconImage.swift */; };
		E0EEA38C20C03EF7008037CA /* weatherStylesConfig.swift in Sources */ = {isa = PBXBuildFile; fileRef = E0EEA38B20C03EF7008037CA /* weatherStylesConfig.swift */; };
		E0EEA38D20C03EF7008037CA /* weatherStylesConfig.swift in Sources */ = {isa = PBXBuildFile; fileRef = E0EEA38B20C03EF7008037CA /* weatherStylesConfig.swift */; };
		E0EEA38F20C053A6008037CA /* SunshineTodayCell.swift in Sources */ = {isa = PBXBuildFile; fileRef = E0EEA38E20C053A6008037CA /* SunshineTodayCell.swift */; };
		E0EEA39020C053A6008037CA /* SunshineTodayCell.swift in Sources */ = {isa = PBXBuildFile; fileRef = E0EEA38E20C053A6008037CA /* SunshineTodayCell.swift */; };
		E0EEA39220C0576A008037CA /* WeatherViewCell.swift in Sources */ = {isa = PBXBuildFile; fileRef = E0EEA39120C0576A008037CA /* WeatherViewCell.swift */; };
		E0EEA39320C0576A008037CA /* WeatherViewCell.swift in Sources */ = {isa = PBXBuildFile; fileRef = E0EEA39120C0576A008037CA /* WeatherViewCell.swift */; };
		E0EEA39820C0B32B008037CA /* SettingsTableViewController.swift in Sources */ = {isa = PBXBuildFile; fileRef = E0EEA39720C0B32B008037CA /* SettingsTableViewController.swift */; };
		E0EEA39920C0B32B008037CA /* SettingsTableViewController.swift in Sources */ = {isa = PBXBuildFile; fileRef = E0EEA39720C0B32B008037CA /* SettingsTableViewController.swift */; };
		E0EEA39B20C0B35D008037CA /* UnitSelectionTablrViewCell.swift in Sources */ = {isa = PBXBuildFile; fileRef = E0EEA39A20C0B35D008037CA /* UnitSelectionTablrViewCell.swift */; };
		E0EEA39C20C0B35D008037CA /* UnitSelectionTablrViewCell.swift in Sources */ = {isa = PBXBuildFile; fileRef = E0EEA39A20C0B35D008037CA /* UnitSelectionTablrViewCell.swift */; };
/* End PBXBuildFile section */

/* Begin PBXContainerItemProxy section */
		E05F1EB620BF8A610046AAB2 /* PBXContainerItemProxy */ = {
			isa = PBXContainerItemProxy;
			containerPortal = E05F1E9620BF8A5E0046AAB2 /* Project object */;
			proxyType = 1;
			remoteGlobalIDString = E05F1E9D20BF8A5E0046AAB2;
			remoteInfo = MyWeatherVersion;
		};
		E05F1EC120BF8A610046AAB2 /* PBXContainerItemProxy */ = {
			isa = PBXContainerItemProxy;
			containerPortal = E05F1E9620BF8A5E0046AAB2 /* Project object */;
			proxyType = 1;
			remoteGlobalIDString = E05F1E9D20BF8A5E0046AAB2;
			remoteInfo = MyWeatherVersion;
		};
/* End PBXContainerItemProxy section */

/* Begin PBXFileReference section */
		E05F1E9E20BF8A5E0046AAB2 /* MyWeatherVersion.app */ = {isa = PBXFileReference; explicitFileType = wrapper.application; includeInIndex = 0; path = MyWeatherVersion.app; sourceTree = BUILT_PRODUCTS_DIR; };
		E05F1EA120BF8A5E0046AAB2 /* AppDelegate.swift */ = {isa = PBXFileReference; lastKnownFileType = sourcecode.swift; path = AppDelegate.swift; sourceTree = "<group>"; };
		E05F1EA320BF8A5E0046AAB2 /* DetailsViewController.swift */ = {isa = PBXFileReference; lastKnownFileType = sourcecode.swift; path = DetailsViewController.swift; sourceTree = "<group>"; };
		E05F1EA620BF8A5E0046AAB2 /* Base */ = {isa = PBXFileReference; lastKnownFileType = file.storyboard; name = Base; path = Base.lproj/Main.storyboard; sourceTree = "<group>"; };
		E05F1EA920BF8A5E0046AAB2 /* MyWeatherVersion.xcdatamodel */ = {isa = PBXFileReference; lastKnownFileType = wrapper.xcdatamodel; path = MyWeatherVersion.xcdatamodel; sourceTree = "<group>"; };
		E05F1EAB20BF8A610046AAB2 /* Assets.xcassets */ = {isa = PBXFileReference; lastKnownFileType = folder.assetcatalog; path = Assets.xcassets; sourceTree = "<group>"; };
		E05F1EAE20BF8A610046AAB2 /* Base */ = {isa = PBXFileReference; lastKnownFileType = file.storyboard; name = Base; path = Base.lproj/LaunchScreen.storyboard; sourceTree = "<group>"; };
		E05F1EB020BF8A610046AAB2 /* Info.plist */ = {isa = PBXFileReference; lastKnownFileType = text.plist.xml; path = Info.plist; sourceTree = "<group>"; };
		E05F1EB520BF8A610046AAB2 /* MyWeatherVersionTests.xctest */ = {isa = PBXFileReference; explicitFileType = wrapper.cfbundle; includeInIndex = 0; path = MyWeatherVersionTests.xctest; sourceTree = BUILT_PRODUCTS_DIR; };
		E05F1EB920BF8A610046AAB2 /* MyWeatherVersionTests.swift */ = {isa = PBXFileReference; lastKnownFileType = sourcecode.swift; path = MyWeatherVersionTests.swift; sourceTree = "<group>"; };
		E05F1EBB20BF8A610046AAB2 /* Info.plist */ = {isa = PBXFileReference; lastKnownFileType = text.plist.xml; path = Info.plist; sourceTree = "<group>"; };
		E05F1EC020BF8A610046AAB2 /* MyWeatherVersionUITests.xctest */ = {isa = PBXFileReference; explicitFileType = wrapper.cfbundle; includeInIndex = 0; path = MyWeatherVersionUITests.xctest; sourceTree = BUILT_PRODUCTS_DIR; };
		E05F1EC420BF8A610046AAB2 /* MyWeatherVersionUITests.swift */ = {isa = PBXFileReference; lastKnownFileType = sourcecode.swift; path = MyWeatherVersionUITests.swift; sourceTree = "<group>"; };
		E05F1EC620BF8A610046AAB2 /* Info.plist */ = {isa = PBXFileReference; lastKnownFileType = text.plist.xml; path = Info.plist; sourceTree = "<group>"; };
		E05F1ED620BF9EBA0046AAB2 /* RobotoCondensed-Regular.ttf */ = {isa = PBXFileReference; lastKnownFileType = file; path = "RobotoCondensed-Regular.ttf"; sourceTree = "<group>"; };
		E05F1ED720BF9EBB0046AAB2 /* RobotoCondensed-Light.ttf */ = {isa = PBXFileReference; lastKnownFileType = file; path = "RobotoCondensed-Light.ttf"; sourceTree = "<group>"; };
		E05F1ED820BF9EBC0046AAB2 /* RobotoCondensed-BoldItalic.ttf */ = {isa = PBXFileReference; lastKnownFileType = file; path = "RobotoCondensed-BoldItalic.ttf"; sourceTree = "<group>"; };
		E05F1ED920BF9EBC0046AAB2 /* RobotoCondensed-Bold.ttf */ = {isa = PBXFileReference; lastKnownFileType = file; path = "RobotoCondensed-Bold.ttf"; sourceTree = "<group>"; };
		E05F1EDA20BF9EBD0046AAB2 /* RobotoCondensed-Italic.ttf */ = {isa = PBXFileReference; lastKnownFileType = file; path = "RobotoCondensed-Italic.ttf"; sourceTree = "<group>"; };
		E05F1EDB20BF9EBD0046AAB2 /* RobotoCondensed-LightItalic.ttf */ = {isa = PBXFileReference; lastKnownFileType = file; path = "RobotoCondensed-LightItalic.ttf"; sourceTree = "<group>"; };
		E05F1EE920BF9F050046AAB2 /* WearherHTTPClient.swift */ = {isa = PBXFileReference; lastKnownFileType = sourcecode.swift; path = WearherHTTPClient.swift; sourceTree = "<group>"; };
		E05F1EF020C0286E0046AAB2 /* WeatherDataManager.swift */ = {isa = PBXFileReference; lastKnownFileType = sourcecode.swift; path = WeatherDataManager.swift; sourceTree = "<group>"; };
		E0EEA38420C02B78008037CA /* SunshineViewController.swift */ = {isa = PBXFileReference; lastKnownFileType = sourcecode.swift; path = SunshineViewController.swift; sourceTree = "<group>"; };
		E0EEA38720C031C7008037CA /* WeatherIconImage.swift */ = {isa = PBXFileReference; lastKnownFileType = sourcecode.swift; path = WeatherIconImage.swift; sourceTree = "<group>"; };
		E0EEA38B20C03EF7008037CA /* weatherStylesConfig.swift */ = {isa = PBXFileReference; lastKnownFileType = sourcecode.swift; path = weatherStylesConfig.swift; sourceTree = "<group>"; };
		E0EEA38E20C053A6008037CA /* SunshineTodayCell.swift */ = {isa = PBXFileReference; lastKnownFileType = sourcecode.swift; path = SunshineTodayCell.swift; sourceTree = "<group>"; };
		E0EEA39120C0576A008037CA /* WeatherViewCell.swift */ = {isa = PBXFileReference; lastKnownFileType = sourcecode.swift; path = WeatherViewCell.swift; sourceTree = "<group>"; };
		E0EEA39720C0B32B008037CA /* SettingsTableViewController.swift */ = {isa = PBXFileReference; lastKnownFileType = sourcecode.swift; path = SettingsTableViewController.swift; sourceTree = "<group>"; };
		E0EEA39A20C0B35D008037CA /* UnitSelectionTablrViewCell.swift */ = {isa = PBXFileReference; lastKnownFileType = sourcecode.swift; path = UnitSelectionTablrViewCell.swift; sourceTree = "<group>"; };
/* End PBXFileReference section */

/* Begin PBXFrameworksBuildPhase section */
		E05F1E9B20BF8A5E0046AAB2 /* Frameworks */ = {
			isa = PBXFrameworksBuildPhase;
			buildActionMask = 2147483647;
			files = (
			);
			runOnlyForDeploymentPostprocessing = 0;
		};
		E05F1EB220BF8A610046AAB2 /* Frameworks */ = {
			isa = PBXFrameworksBuildPhase;
			buildActionMask = 2147483647;
			files = (
			);
			runOnlyForDeploymentPostprocessing = 0;
		};
		E05F1EBD20BF8A610046AAB2 /* Frameworks */ = {
			isa = PBXFrameworksBuildPhase;
			buildActionMask = 2147483647;
			files = (
			);
			runOnlyForDeploymentPostprocessing = 0;
		};
/* End PBXFrameworksBuildPhase section */

/* Begin PBXGroup section */
		E05F1E9520BF8A5E0046AAB2 = {
			isa = PBXGroup;
			children = (
				E05F1EA020BF8A5E0046AAB2 /* MyWeatherVersion */,
				E05F1EB820BF8A610046AAB2 /* MyWeatherVersionTests */,
				E05F1EC320BF8A610046AAB2 /* MyWeatherVersionUITests */,
				E05F1E9F20BF8A5E0046AAB2 /* Products */,
			);
			sourceTree = "<group>";
		};
		E05F1E9F20BF8A5E0046AAB2 /* Products */ = {
			isa = PBXGroup;
			children = (
				E05F1E9E20BF8A5E0046AAB2 /* MyWeatherVersion.app */,
				E05F1EB520BF8A610046AAB2 /* MyWeatherVersionTests.xctest */,
				E05F1EC020BF8A610046AAB2 /* MyWeatherVersionUITests.xctest */,
			);
			name = Products;
			sourceTree = "<group>";
		};
		E05F1EA020BF8A5E0046AAB2 /* MyWeatherVersion */ = {
			isa = PBXGroup;
			children = (
				E0EEA39520C0B292008037CA /* Assets */,
				E05F1EEF20C0283E0046AAB2 /* WetaherData */,
				E05F1EED20C028100046AAB2 /* WeatherFeed */,
				E05F1EA120BF8A5E0046AAB2 /* AppDelegate.swift */,
				E05F1EA520BF8A5E0046AAB2 /* Main.storyboard */,
				E05F1EAB20BF8A610046AAB2 /* Assets.xcassets */,
				E05F1EAD20BF8A610046AAB2 /* LaunchScreen.storyboard */,
				E05F1EB020BF8A610046AAB2 /* Info.plist */,
				E05F1EA820BF8A5E0046AAB2 /* MyWeatherVersion.xcdatamodeld */,
			);
			path = MyWeatherVersion;
			sourceTree = "<group>";
		};
		E05F1EB820BF8A610046AAB2 /* MyWeatherVersionTests */ = {
			isa = PBXGroup;
			children = (
				E05F1EB920BF8A610046AAB2 /* MyWeatherVersionTests.swift */,
				E05F1EBB20BF8A610046AAB2 /* Info.plist */,
			);
			path = MyWeatherVersionTests;
			sourceTree = "<group>";
		};
		E05F1EC320BF8A610046AAB2 /* MyWeatherVersionUITests */ = {
			isa = PBXGroup;
			children = (
				E05F1EC420BF8A610046AAB2 /* MyWeatherVersionUITests.swift */,
				E05F1EC620BF8A610046AAB2 /* Info.plist */,
			);
			path = MyWeatherVersionUITests;
			sourceTree = "<group>";
		};
		E05F1ED520BF9E8F0046AAB2 /* Fonts */ = {
			isa = PBXGroup;
			children = (
				E05F1ED920BF9EBC0046AAB2 /* RobotoCondensed-Bold.ttf */,
				E05F1ED820BF9EBC0046AAB2 /* RobotoCondensed-BoldItalic.ttf */,
				E05F1EDA20BF9EBD0046AAB2 /* RobotoCondensed-Italic.ttf */,
				E05F1ED720BF9EBB0046AAB2 /* RobotoCondensed-Light.ttf */,
				E05F1EDB20BF9EBD0046AAB2 /* RobotoCondensed-LightItalic.ttf */,
				E05F1ED620BF9EBA0046AAB2 /* RobotoCondensed-Regular.ttf */,
			);
			path = Fonts;
			sourceTree = "<group>";
		};
		E05F1EE820BF9ED20046AAB2 /* Network */ = {
			isa = PBXGroup;
			children = (
				E05F1EE920BF9F050046AAB2 /* WearherHTTPClient.swift */,
			);
			path = Network;
			sourceTree = "<group>";
		};
		E05F1EED20C028100046AAB2 /* WeatherFeed */ = {
			isa = PBXGroup;
			children = (
				E05F1EEE20C028290046AAB2 /* WeatherDetails */,
				E0EEA39420C0B1E6008037CA /* Settings */,
				E0EEA38420C02B78008037CA /* SunshineViewController.swift */,
				E0EEA38E20C053A6008037CA /* SunshineTodayCell.swift */,
				E0EEA39120C0576A008037CA /* WeatherViewCell.swift */,
			);
			path = WeatherFeed;
			sourceTree = "<group>";
		};
		E05F1EEE20C028290046AAB2 /* WeatherDetails */ = {
			isa = PBXGroup;
			children = (
				E05F1EA320BF8A5E0046AAB2 /* DetailsViewController.swift */,
			);
			path = WeatherDetails;
			sourceTree = "<group>";
		};
		E05F1EEF20C0283E0046AAB2 /* WetaherData */ = {
			isa = PBXGroup;
			children = (
				E05F1EE820BF9ED20046AAB2 /* Network */,
				E05F1EF020C0286E0046AAB2 /* WeatherDataManager.swift */,
				E0EEA38720C031C7008037CA /* WeatherIconImage.swift */,
			);
			path = WetaherData;
			sourceTree = "<group>";
		};
		E0EEA38A20C03E8A008037CA /* Style */ = {
			isa = PBXGroup;
			children = (
				E0EEA38B20C03EF7008037CA /* weatherStylesConfig.swift */,
			);
			path = Style;
			sourceTree = "<group>";
		};
		E0EEA39420C0B1E6008037CA /* Settings */ = {
			isa = PBXGroup;
			children = (
				E0EEA39720C0B32B008037CA /* SettingsTableViewController.swift */,
				E0EEA39A20C0B35D008037CA /* UnitSelectionTablrViewCell.swift */,
			);
			path = Settings;
			sourceTree = "<group>";
		};
		E0EEA39520C0B292008037CA /* Assets */ = {
			isa = PBXGroup;
			children = (
				E05F1ED520BF9E8F0046AAB2 /* Fonts */,
				E0EEA38A20C03E8A008037CA /* Style */,
			);
			path = Assets;
			sourceTree = "<group>";
		};
/* End PBXGroup section */

/* Begin PBXNativeTarget section */
		E05F1E9D20BF8A5E0046AAB2 /* MyWeatherVersion */ = {
			isa = PBXNativeTarget;
			buildConfigurationList = E05F1EC920BF8A610046AAB2 /* Build configuration list for PBXNativeTarget "MyWeatherVersion" */;
			buildPhases = (
				E05F1E9A20BF8A5E0046AAB2 /* Sources */,
				E05F1E9B20BF8A5E0046AAB2 /* Frameworks */,
				E05F1E9C20BF8A5E0046AAB2 /* Resources */,
			);
			buildRules = (
			);
			dependencies = (
			);
			name = MyWeatherVersion;
			productName = MyWeatherVersion;
			productReference = E05F1E9E20BF8A5E0046AAB2 /* MyWeatherVersion.app */;
			productType = "com.apple.product-type.application";
		};
		E05F1EB420BF8A610046AAB2 /* MyWeatherVersionTests */ = {
			isa = PBXNativeTarget;
			buildConfigurationList = E05F1ECC20BF8A610046AAB2 /* Build configuration list for PBXNativeTarget "MyWeatherVersionTests" */;
			buildPhases = (
				E05F1EB120BF8A610046AAB2 /* Sources */,
				E05F1EB220BF8A610046AAB2 /* Frameworks */,
				E05F1EB320BF8A610046AAB2 /* Resources */,
			);
			buildRules = (
			);
			dependencies = (
				E05F1EB720BF8A610046AAB2 /* PBXTargetDependency */,
			);
			name = MyWeatherVersionTests;
			productName = MyWeatherVersionTests;
			productReference = E05F1EB520BF8A610046AAB2 /* MyWeatherVersionTests.xctest */;
			productType = "com.apple.product-type.bundle.unit-test";
		};
		E05F1EBF20BF8A610046AAB2 /* MyWeatherVersionUITests */ = {
			isa = PBXNativeTarget;
			buildConfigurationList = E05F1ECF20BF8A610046AAB2 /* Build configuration list for PBXNativeTarget "MyWeatherVersionUITests" */;
			buildPhases = (
				E05F1EBC20BF8A610046AAB2 /* Sources */,
				E05F1EBD20BF8A610046AAB2 /* Frameworks */,
				E05F1EBE20BF8A610046AAB2 /* Resources */,
			);
			buildRules = (
			);
			dependencies = (
				E05F1EC220BF8A610046AAB2 /* PBXTargetDependency */,
			);
			name = MyWeatherVersionUITests;
			productName = MyWeatherVersionUITests;
			productReference = E05F1EC020BF8A610046AAB2 /* MyWeatherVersionUITests.xctest */;
			productType = "com.apple.product-type.bundle.ui-testing";
		};
/* End PBXNativeTarget section */

/* Begin PBXProject section */
		E05F1E9620BF8A5E0046AAB2 /* Project object */ = {
			isa = PBXProject;
			attributes = {
				LastSwiftUpdateCheck = 0940;
				LastUpgradeCheck = 0940;
				ORGANIZATIONNAME = "Gabriel Cortinas";
				TargetAttributes = {
					E05F1E9D20BF8A5E0046AAB2 = {
						CreatedOnToolsVersion = 9.4;
					};
					E05F1EB420BF8A610046AAB2 = {
						CreatedOnToolsVersion = 9.4;
						TestTargetID = E05F1E9D20BF8A5E0046AAB2;
					};
					E05F1EBF20BF8A610046AAB2 = {
						CreatedOnToolsVersion = 9.4;
						TestTargetID = E05F1E9D20BF8A5E0046AAB2;
					};
				};
			};
			buildConfigurationList = E05F1E9920BF8A5E0046AAB2 /* Build configuration list for PBXProject "MyWeatherVersion" */;
			compatibilityVersion = "Xcode 9.3";
			developmentRegion = en;
			hasScannedForEncodings = 0;
			knownRegions = (
				en,
				Base,
			);
			mainGroup = E05F1E9520BF8A5E0046AAB2;
			productRefGroup = E05F1E9F20BF8A5E0046AAB2 /* Products */;
			projectDirPath = "";
			projectRoot = "";
			targets = (
				E05F1E9D20BF8A5E0046AAB2 /* MyWeatherVersion */,
				E05F1EB420BF8A610046AAB2 /* MyWeatherVersionTests */,
				E05F1EBF20BF8A610046AAB2 /* MyWeatherVersionUITests */,
			);
		};
/* End PBXProject section */

/* Begin PBXResourcesBuildPhase section */
		E05F1E9C20BF8A5E0046AAB2 /* Resources */ = {
			isa = PBXResourcesBuildPhase;
			buildActionMask = 2147483647;
			files = (
				E05F1EE620BF9EBE0046AAB2 /* RobotoCondensed-LightItalic.ttf in Resources */,
				E05F1EAF20BF8A610046AAB2 /* LaunchScreen.storyboard in Resources */,
				E05F1EE420BF9EBE0046AAB2 /* RobotoCondensed-Italic.ttf in Resources */,
				E05F1EAC20BF8A610046AAB2 /* Assets.xcassets in Resources */,
				E05F1EE020BF9EBE0046AAB2 /* RobotoCondensed-BoldItalic.ttf in Resources */,
				E05F1EDC20BF9EBE0046AAB2 /* RobotoCondensed-Regular.ttf in Resources */,
				E05F1EE220BF9EBE0046AAB2 /* RobotoCondensed-Bold.ttf in Resources */,
				E05F1EA720BF8A5E0046AAB2 /* Main.storyboard in Resources */,
				E05F1EDE20BF9EBE0046AAB2 /* RobotoCondensed-Light.ttf in Resources */,
			);
			runOnlyForDeploymentPostprocessing = 0;
		};
		E05F1EB320BF8A610046AAB2 /* Resources */ = {
			isa = PBXResourcesBuildPhase;
			buildActionMask = 2147483647;
			files = (
				E05F1EE720BF9EBE0046AAB2 /* RobotoCondensed-LightItalic.ttf in Resources */,
				E05F1EDF20BF9EBE0046AAB2 /* RobotoCondensed-Light.ttf in Resources */,
				E05F1EDD20BF9EBE0046AAB2 /* RobotoCondensed-Regular.ttf in Resources */,
				E05F1EE320BF9EBE0046AAB2 /* RobotoCondensed-Bold.ttf in Resources */,
				E05F1EE120BF9EBE0046AAB2 /* RobotoCondensed-BoldItalic.ttf in Resources */,
				E05F1EE520BF9EBE0046AAB2 /* RobotoCondensed-Italic.ttf in Resources */,
			);
			runOnlyForDeploymentPostprocessing = 0;
		};
		E05F1EBE20BF8A610046AAB2 /* Resources */ = {
			isa = PBXResourcesBuildPhase;
			buildActionMask = 2147483647;
			files = (
			);
			runOnlyForDeploymentPostprocessing = 0;
		};
/* End PBXResourcesBuildPhase section */

/* Begin PBXSourcesBuildPhase section */
		E05F1E9A20BF8A5E0046AAB2 /* Sources */ = {
			isa = PBXSourcesBuildPhase;
			buildActionMask = 2147483647;
			files = (
				E05F1EA420BF8A5E0046AAB2 /* DetailsViewController.swift in Sources */,
				E05F1EEA20BF9F050046AAB2 /* WearherHTTPClient.swift in Sources */,
				E0EEA39B20C0B35D008037CA /* UnitSelectionTablrViewCell.swift in Sources */,
				E05F1EAA20BF8A5E0046AAB2 /* MyWeatherVersion.xcdatamodeld in Sources */,
				E0EEA39820C0B32B008037CA /* SettingsTableViewController.swift in Sources */,
				E0EEA39220C0576A008037CA /* WeatherViewCell.swift in Sources */,
				E05F1EA220BF8A5E0046AAB2 /* AppDelegate.swift in Sources */,
				E05F1EF120C0286E0046AAB2 /* WeatherDataManager.swift in Sources */,
				E0EEA38F20C053A6008037CA /* SunshineTodayCell.swift in Sources */,
				E0EEA38520C02B78008037CA /* SunshineViewController.swift in Sources */,
				E0EEA38C20C03EF7008037CA /* weatherStylesConfig.swift in Sources */,
				E0EEA38820C031C7008037CA /* WeatherIconImage.swift in Sources */,
			);
			runOnlyForDeploymentPostprocessing = 0;
		};
		E05F1EB120BF8A610046AAB2 /* Sources */ = {
			isa = PBXSourcesBuildPhase;
			buildActionMask = 2147483647;
			files = (
				E05F1EF220C0286E0046AAB2 /* WeatherDataManager.swift in Sources */,
				E05F1EBA20BF8A610046AAB2 /* MyWeatherVersionTests.swift in Sources */,
				E05F1EEB20BF9F050046AAB2 /* WearherHTTPClient.swift in Sources */,
				E0EEA39320C0576A008037CA /* WeatherViewCell.swift in Sources */,
				E0EEA38620C02B78008037CA /* SunshineViewController.swift in Sources */,
				E0EEA39020C053A6008037CA /* SunshineTodayCell.swift in Sources */,
				E0EEA39C20C0B35D008037CA /* UnitSelectionTablrViewCell.swift in Sources */,
				E0EEA38D20C03EF7008037CA /* weatherStylesConfig.swift in Sources */,
				E0EEA38920C031C7008037CA /* WeatherIconImage.swift in Sources */,
				E0EEA39920C0B32B008037CA /* SettingsTableViewController.swift in Sources */,
			);
			runOnlyForDeploymentPostprocessing = 0;
		};
		E05F1EBC20BF8A610046AAB2 /* Sources */ = {
			isa = PBXSourcesBuildPhase;
			buildActionMask = 2147483647;
			files = (
				E05F1EC520BF8A610046AAB2 /* MyWeatherVersionUITests.swift in Sources */,
			);
			runOnlyForDeploymentPostprocessing = 0;
		};
/* End PBXSourcesBuildPhase section */

/* Begin PBXTargetDependency section */
		E05F1EB720BF8A610046AAB2 /* PBXTargetDependency */ = {
			isa = PBXTargetDependency;
			target = E05F1E9D20BF8A5E0046AAB2 /* MyWeatherVersion */;
			targetProxy = E05F1EB620BF8A610046AAB2 /* PBXContainerItemProxy */;
		};
		E05F1EC220BF8A610046AAB2 /* PBXTargetDependency */ = {
			isa = PBXTargetDependency;
			target = E05F1E9D20BF8A5E0046AAB2 /* MyWeatherVersion */;
			targetProxy = E05F1EC120BF8A610046AAB2 /* PBXContainerItemProxy */;
		};
/* End PBXTargetDependency section */

/* Begin PBXVariantGroup section */
		E05F1EA520BF8A5E0046AAB2 /* Main.storyboard */ = {
			isa = PBXVariantGroup;
			children = (
				E05F1EA620BF8A5E0046AAB2 /* Base */,
			);
			name = Main.storyboard;
			sourceTree = "<group>";
		};
		E05F1EAD20BF8A610046AAB2 /* LaunchScreen.storyboard */ = {
			isa = PBXVariantGroup;
			children = (
				E05F1EAE20BF8A610046AAB2 /* Base */,
			);
			name = LaunchScreen.storyboard;
			sourceTree = "<group>";
		};
/* End PBXVariantGroup section */

/* Begin XCBuildConfiguration section */
		E05F1EC720BF8A610046AAB2 /* Debug */ = {
			isa = XCBuildConfiguration;
			buildSettings = {
				ALWAYS_SEARCH_USER_PATHS = NO;
				CLANG_ANALYZER_NONNULL = YES;
				CLANG_ANALYZER_NUMBER_OBJECT_CONVERSION = YES_AGGRESSIVE;
				CLANG_CXX_LANGUAGE_STANDARD = "gnu++14";
				CLANG_CXX_LIBRARY = "libc++";
				CLANG_ENABLE_MODULES = YES;
				CLANG_ENABLE_OBJC_ARC = YES;
				CLANG_ENABLE_OBJC_WEAK = YES;
				CLANG_WARN_BLOCK_CAPTURE_AUTORELEASING = YES;
				CLANG_WARN_BOOL_CONVERSION = YES;
				CLANG_WARN_COMMA = YES;
				CLANG_WARN_CONSTANT_CONVERSION = YES;
				CLANG_WARN_DEPRECATED_OBJC_IMPLEMENTATIONS = YES;
				CLANG_WARN_DIRECT_OBJC_ISA_USAGE = YES_ERROR;
				CLANG_WARN_DOCUMENTATION_COMMENTS = YES;
				CLANG_WARN_EMPTY_BODY = YES;
				CLANG_WARN_ENUM_CONVERSION = YES;
				CLANG_WARN_INFINITE_RECURSION = YES;
				CLANG_WARN_INT_CONVERSION = YES;
				CLANG_WARN_NON_LITERAL_NULL_CONVERSION = YES;
				CLANG_WARN_OBJC_IMPLICIT_RETAIN_SELF = YES;
				CLANG_WARN_OBJC_LITERAL_CONVERSION = YES;
				CLANG_WARN_OBJC_ROOT_CLASS = YES_ERROR;
				CLANG_WARN_RANGE_LOOP_ANALYSIS = YES;
				CLANG_WARN_STRICT_PROTOTYPES = YES;
				CLANG_WARN_SUSPICIOUS_MOVE = YES;
				CLANG_WARN_UNGUARDED_AVAILABILITY = YES_AGGRESSIVE;
				CLANG_WARN_UNREACHABLE_CODE = YES;
				CLANG_WARN__DUPLICATE_METHOD_MATCH = YES;
				CODE_SIGN_IDENTITY = "iPhone Developer";
				COPY_PHASE_STRIP = NO;
				DEBUG_INFORMATION_FORMAT = dwarf;
				ENABLE_STRICT_OBJC_MSGSEND = YES;
				ENABLE_TESTABILITY = YES;
				GCC_C_LANGUAGE_STANDARD = gnu11;
				GCC_DYNAMIC_NO_PIC = NO;
				GCC_NO_COMMON_BLOCKS = YES;
				GCC_OPTIMIZATION_LEVEL = 0;
				GCC_PREPROCESSOR_DEFINITIONS = (
					"DEBUG=1",
					"$(inherited)",
				);
				GCC_WARN_64_TO_32_BIT_CONVERSION = YES;
				GCC_WARN_ABOUT_RETURN_TYPE = YES_ERROR;
				GCC_WARN_UNDECLARED_SELECTOR = YES;
				GCC_WARN_UNINITIALIZED_AUTOS = YES_AGGRESSIVE;
				GCC_WARN_UNUSED_FUNCTION = YES;
				GCC_WARN_UNUSED_VARIABLE = YES;
				IPHONEOS_DEPLOYMENT_TARGET = 11.4;
				MTL_ENABLE_DEBUG_INFO = YES;
				ONLY_ACTIVE_ARCH = YES;
				SDKROOT = iphoneos;
				SWIFT_ACTIVE_COMPILATION_CONDITIONS = DEBUG;
				SWIFT_OPTIMIZATION_LEVEL = "-Onone";
			};
			name = Debug;
		};
		E05F1EC820BF8A610046AAB2 /* Release */ = {
			isa = XCBuildConfiguration;
			buildSettings = {
				ALWAYS_SEARCH_USER_PATHS = NO;
				CLANG_ANALYZER_NONNULL = YES;
				CLANG_ANALYZER_NUMBER_OBJECT_CONVERSION = YES_AGGRESSIVE;
				CLANG_CXX_LANGUAGE_STANDARD = "gnu++14";
				CLANG_CXX_LIBRARY = "libc++";
				CLANG_ENABLE_MODULES = YES;
				CLANG_ENABLE_OBJC_ARC = YES;
				CLANG_ENABLE_OBJC_WEAK = YES;
				CLANG_WARN_BLOCK_CAPTURE_AUTORELEASING = YES;
				CLANG_WARN_BOOL_CONVERSION = YES;
				CLANG_WARN_COMMA = YES;
				CLANG_WARN_CONSTANT_CONVERSION = YES;
				CLANG_WARN_DEPRECATED_OBJC_IMPLEMENTATIONS = YES;
				CLANG_WARN_DIRECT_OBJC_ISA_USAGE = YES_ERROR;
				CLANG_WARN_DOCUMENTATION_COMMENTS = YES;
				CLANG_WARN_EMPTY_BODY = YES;
				CLANG_WARN_ENUM_CONVERSION = YES;
				CLANG_WARN_INFINITE_RECURSION = YES;
				CLANG_WARN_INT_CONVERSION = YES;
				CLANG_WARN_NON_LITERAL_NULL_CONVERSION = YES;
				CLANG_WARN_OBJC_IMPLICIT_RETAIN_SELF = YES;
				CLANG_WARN_OBJC_LITERAL_CONVERSION = YES;
				CLANG_WARN_OBJC_ROOT_CLASS = YES_ERROR;
				CLANG_WARN_RANGE_LOOP_ANALYSIS = YES;
				CLANG_WARN_STRICT_PROTOTYPES = YES;
				CLANG_WARN_SUSPICIOUS_MOVE = YES;
				CLANG_WARN_UNGUARDED_AVAILABILITY = YES_AGGRESSIVE;
				CLANG_WARN_UNREACHABLE_CODE = YES;
				CLANG_WARN__DUPLICATE_METHOD_MATCH = YES;
				CODE_SIGN_IDENTITY = "iPhone Developer";
				COPY_PHASE_STRIP = NO;
				DEBUG_INFORMATION_FORMAT = "dwarf-with-dsym";
				ENABLE_NS_ASSERTIONS = NO;
				ENABLE_STRICT_OBJC_MSGSEND = YES;
				GCC_C_LANGUAGE_STANDARD = gnu11;
				GCC_NO_COMMON_BLOCKS = YES;
				GCC_WARN_64_TO_32_BIT_CONVERSION = YES;
				GCC_WARN_ABOUT_RETURN_TYPE = YES_ERROR;
				GCC_WARN_UNDECLARED_SELECTOR = YES;
				GCC_WARN_UNINITIALIZED_AUTOS = YES_AGGRESSIVE;
				GCC_WARN_UNUSED_FUNCTION = YES;
				GCC_WARN_UNUSED_VARIABLE = YES;
				IPHONEOS_DEPLOYMENT_TARGET = 11.4;
				MTL_ENABLE_DEBUG_INFO = NO;
				SDKROOT = iphoneos;
				SWIFT_COMPILATION_MODE = wholemodule;
				SWIFT_OPTIMIZATION_LEVEL = "-O";
				VALIDATE_PRODUCT = YES;
			};
			name = Release;
		};
		E05F1ECA20BF8A610046AAB2 /* Debug */ = {
			isa = XCBuildConfiguration;
			buildSettings = {
				ASSETCATALOG_COMPILER_APPICON_NAME = AppIcon;
				CODE_SIGN_STYLE = Automatic;
				DEVELOPMENT_TEAM = CMSG4HXUYG;
				INFOPLIST_FILE = MyWeatherVersion/Info.plist;
				LD_RUNPATH_SEARCH_PATHS = (
					"$(inherited)",
					"@executable_path/Frameworks",
				);
				PRODUCT_BUNDLE_IDENTIFIER = com.MrCortinas.Corp.Sunshine;
				PRODUCT_NAME = "$(TARGET_NAME)";
				SWIFT_VERSION = 4.0;
				TARGETED_DEVICE_FAMILY = "1,2";
			};
			name = Debug;
		};
		E05F1ECB20BF8A610046AAB2 /* Release */ = {
			isa = XCBuildConfiguration;
			buildSettings = {
				ASSETCATALOG_COMPILER_APPICON_NAME = AppIcon;
				CODE_SIGN_STYLE = Automatic;
				DEVELOPMENT_TEAM = CMSG4HXUYG;
				INFOPLIST_FILE = MyWeatherVersion/Info.plist;
				LD_RUNPATH_SEARCH_PATHS = (
					"$(inherited)",
					"@executable_path/Frameworks",
				);
				PRODUCT_BUNDLE_IDENTIFIER = com.MrCortinas.Corp.Sunshine;
				PRODUCT_NAME = "$(TARGET_NAME)";
				SWIFT_VERSION = 4.0;
				TARGETED_DEVICE_FAMILY = "1,2";
			};
			name = Release;
		};
		E05F1ECD20BF8A610046AAB2 /* Debug */ = {
			isa = XCBuildConfiguration;
			buildSettings = {
				ALWAYS_EMBED_SWIFT_STANDARD_LIBRARIES = YES;
				BUNDLE_LOADER = "$(TEST_HOST)";
				CODE_SIGN_STYLE = Automatic;
				DEVELOPMENT_TEAM = CMSG4HXUYG;
				INFOPLIST_FILE = MyWeatherVersionTests/Info.plist;
				LD_RUNPATH_SEARCH_PATHS = (
					"$(inherited)",
					"@executable_path/Frameworks",
					"@loader_path/Frameworks",
				);
				PRODUCT_BUNDLE_IDENTIFIER = com.MrCortinas.Corp.MyWeatherVersionTests;
				PRODUCT_NAME = "$(TARGET_NAME)";
				SWIFT_VERSION = 4.0;
				TARGETED_DEVICE_FAMILY = "1,2";
				TEST_HOST = "$(BUILT_PRODUCTS_DIR)/MyWeatherVersion.app/MyWeatherVersion";
			};
			name = Debug;
		};
		E05F1ECE20BF8A610046AAB2 /* Release */ = {
			isa = XCBuildConfiguration;
			buildSettings = {
				ALWAYS_EMBED_SWIFT_STANDARD_LIBRARIES = YES;
				BUNDLE_LOADER = "$(TEST_HOST)";
				CODE_SIGN_STYLE = Automatic;
				DEVELOPMENT_TEAM = CMSG4HXUYG;
				INFOPLIST_FILE = MyWeatherVersionTests/Info.plist;
				LD_RUNPATH_SEARCH_PATHS = (
					"$(inherited)",
					"@executable_path/Frameworks",
					"@loader_path/Frameworks",
				);
				PRODUCT_BUNDLE_IDENTIFIER = com.MrCortinas.Corp.MyWeatherVersionTests;
				PRODUCT_NAME = "$(TARGET_NAME)";
				SWIFT_VERSION = 4.0;
				TARGETED_DEVICE_FAMILY = "1,2";
				TEST_HOST = "$(BUILT_PRODUCTS_DIR)/MyWeatherVersion.app/MyWeatherVersion";
			};
			name = Release;
		};
		E05F1ED020BF8A610046AAB2 /* Debug */ = {
			isa = XCBuildConfiguration;
			buildSettings = {
				ALWAYS_EMBED_SWIFT_STANDARD_LIBRARIES = YES;
				CODE_SIGN_STYLE = Automatic;
				DEVELOPMENT_TEAM = CMSG4HXUYG;
				INFOPLIST_FILE = MyWeatherVersionUITests/Info.plist;
				LD_RUNPATH_SEARCH_PATHS = (
					"$(inherited)",
					"@executable_path/Frameworks",
					"@loader_path/Frameworks",
				);
				PRODUCT_BUNDLE_IDENTIFIER = com.MrCortinas.Corp.MyWeatherVersionUITests;
				PRODUCT_NAME = "$(TARGET_NAME)";
				SWIFT_VERSION = 4.0;
				TARGETED_DEVICE_FAMILY = "1,2";
				TEST_TARGET_NAME = MyWeatherVersion;
			};
			name = Debug;
		};
		E05F1ED120BF8A610046AAB2 /* Release */ = {
			isa = XCBuildConfiguration;
			buildSettings = {
				ALWAYS_EMBED_SWIFT_STANDARD_LIBRARIES = YES;
				CODE_SIGN_STYLE = Automatic;
				DEVELOPMENT_TEAM = CMSG4HXUYG;
				INFOPLIST_FILE = MyWeatherVersionUITests/Info.plist;
				LD_RUNPATH_SEARCH_PATHS = (
					"$(inherited)",
					"@executable_path/Frameworks",
					"@loader_path/Frameworks",
				);
				PRODUCT_BUNDLE_IDENTIFIER = com.MrCortinas.Corp.MyWeatherVersionUITests;
				PRODUCT_NAME = "$(TARGET_NAME)";
				SWIFT_VERSION = 4.0;
				TARGETED_DEVICE_FAMILY = "1,2";
				TEST_TARGET_NAME = MyWeatherVersion;
			};
			name = Release;
		};
/* End XCBuildConfiguration section */

/* Begin XCConfigurationList section */
		E05F1E9920BF8A5E0046AAB2 /* Build configuration list for PBXProject "MyWeatherVersion" */ = {
			isa = XCConfigurationList;
			buildConfigurations = (
				E05F1EC720BF8A610046AAB2 /* Debug */,
				E05F1EC820BF8A610046AAB2 /* Release */,
			);
			defaultConfigurationIsVisible = 0;
			defaultConfigurationName = Release;
		};
		E05F1EC920BF8A610046AAB2 /* Build configuration list for PBXNativeTarget "MyWeatherVersion" */ = {
			isa = XCConfigurationList;
			buildConfigurations = (
				E05F1ECA20BF8A610046AAB2 /* Debug */,
				E05F1ECB20BF8A610046AAB2 /* Release */,
			);
			defaultConfigurationIsVisible = 0;
			defaultConfigurationName = Release;
		};
		E05F1ECC20BF8A610046AAB2 /* Build configuration list for PBXNativeTarget "MyWeatherVersionTests" */ = {
			isa = XCConfigurationList;
			buildConfigurations = (
				E05F1ECD20BF8A610046AAB2 /* Debug */,
				E05F1ECE20BF8A610046AAB2 /* Release */,
			);
			defaultConfigurationIsVisible = 0;
			defaultConfigurationName = Release;
		};
		E05F1ECF20BF8A610046AAB2 /* Build configuration list for PBXNativeTarget "MyWeatherVersionUITests" */ = {
			isa = XCConfigurationList;
			buildConfigurations = (
				E05F1ED020BF8A610046AAB2 /* Debug */,
				E05F1ED120BF8A610046AAB2 /* Release */,
			);
			defaultConfigurationIsVisible = 0;
			defaultConfigurationName = Release;
		};
/* End XCConfigurationList section */

/* Begin XCVersionGroup section */
		E05F1EA820BF8A5E0046AAB2 /* MyWeatherVersion.xcdatamodeld */ = {
			isa = XCVersionGroup;
			children = (
				E05F1EA920BF8A5E0046AAB2 /* MyWeatherVersion.xcdatamodel */,
			);
			currentVersion = E05F1EA920BF8A5E0046AAB2 /* MyWeatherVersion.xcdatamodel */;
			path = MyWeatherVersion.xcdatamodeld;
			sourceTree = "<group>";
			versionGroupType = wrapper.xcdatamodel;
		};
/* End XCVersionGroup section */
	};
	rootObject = E05F1E9620BF8A5E0046AAB2 /* Project object */;
}
